
Microsoft Visual Studio Solution File, Format Version 12.00
# Visual Studio Version 17
VisualStudioVersion = 17.8.34309.116
MinimumVisualStudioVersion = 10.0.40219.1
Project("{FAE04EC0-301F-11D3-BF4B-00C04F79EFBC}") = "Kalkulator", "Kalkulator\Kalkulator.csproj", "{6203DF85-42F0-4B9D-B116-02A2391A251D}"
EndProject
Global
	GlobalSection(SolutionConfigurationPlatforms) = preSolution
		Debug|Any CPU = Debug|Any CPU
		Release|Any CPU = Release|Any CPU
	EndGlobalSection
	GlobalSection(ProjectConfigurationPlatforms) = postSolution
		{6203DF85-42F0-4B9D-B116-02A2391A251D}.Debug|Any CPU.ActiveCfg = Debug|Any CPU
		{6203DF85-42F0-4B9D-B116-02A2391A251D}.Debug|Any CPU.Build.0 = Debug|Any CPU
		{6203DF85-42F0-4B9D-B116-02A2391A251D}.Release|Any CPU.ActiveCfg = Release|Any CPU
		{6203DF85-42F0-4B9D-B116-02A2391A251D}.Release|Any CPU.Build.0 = Release|Any CPU
	EndGlobalSection
	GlobalSection(SolutionProperties) = preSolution
		HideSolutionNode = FALSE
	EndGlobalSection
	GlobalSection(ExtensibilityGlobals) = postSolution
		SolutionGuid = {693BE951-D7C2-454A-B273-69B7894441DB}
	EndGlobalSection
EndGlobal
